
Microsoft Visual Studio Solution File, Format Version 12.00
# Visual Studio 14
VisualStudioVersion = 14.0.25420.1
MinimumVisualStudioVersion = 10.0.40219.1
Project("{FAE04EC0-301F-11D3-BF4B-00C04F79EFBC}") = "Blog_engine", "Blog_engine\Blog_engine.csproj", "{41F8C706-8B6F-4084-B134-81EC1952612A}"
EndProject
Global
	GlobalSection(SolutionConfigurationPlatforms) = preSolution
		Debug|Any CPU = Debug|Any CPU
		Release|Any CPU = Release|Any CPU
	EndGlobalSection
	GlobalSection(ProjectConfigurationPlatforms) = postSolution
		{41F8C706-8B6F-4084-B134-81EC1952612A}.Debug|Any CPU.ActiveCfg = Debug|Any CPU
		{41F8C706-8B6F-4084-B134-81EC1952612A}.Debug|Any CPU.Build.0 = Debug|Any CPU
		{41F8C706-8B6F-4084-B134-81EC1952612A}.Release|Any CPU.ActiveCfg = Release|Any CPU
		{41F8C706-8B6F-4084-B134-81EC1952612A}.Release|Any CPU.Build.0 = Release|Any CPU
	EndGlobalSection
	GlobalSection(SolutionProperties) = preSolution
		HideSolutionNode = FALSE
	EndGlobalSection
EndGlobal
